
Microsoft Visual Studio Solution File, Format Version 12.00
# Visual Studio Version 17
VisualStudioVersion = 17.0.31903.59
MinimumVisualStudioVersion = 10.0.40219.1
Project("{2150E333-8FDC-42A3-9474-1A3956D46DE8}") = "services", "services", "{3550AC12-9667-4EB8-AA95-C0DED2D2B5D8}"
EndProject
Project("{2150E333-8FDC-42A3-9474-1A3956D46DE8}") = "Catalog", "Catalog", "{E17ECAA7-C354-4728-93F4-E1BA63B258A9}"
EndProject
Project("{2150E333-8FDC-42A3-9474-1A3956D46DE8}") = "src", "src", "{F0FDB929-2904-4627-9CF6-BAFE07518918}"
EndProject
Project("{FAE04EC0-301F-11D3-BF4B-00C04F79EFBC}") = "ECommerce.Services.Catalog.Api", "services\Catalog\src\ECommerce.Services.Catalog.Api\ECommerce.Services.Catalog.Api.csproj", "{AD357010-E349-49F2-87DD-AAA9F20763A3}"
EndProject
Project("{FAE04EC0-301F-11D3-BF4B-00C04F79EFBC}") = "ECommerce.Services.Catalog.Domain", "services\Catalog\src\ECommerce.Services.Catalog.Domain\ECommerce.Services.Catalog.Domain.csproj", "{9710D659-1A5B-4B0F-B863-CE6B5016F56E}"
EndProject
Project("{FAE04EC0-301F-11D3-BF4B-00C04F79EFBC}") = "ECommerce.Services.Catalog.Application", "services\Catalog\src\ECommerce.Services.Catalog.Application\ECommerce.Services.Catalog.Application.csproj", "{F3D4EC47-CD24-403D-89AB-7BAEBEACE5A2}"
EndProject
Project("{FAE04EC0-301F-11D3-BF4B-00C04F79EFBC}") = "ECommerce.Services.Catalog.Infrastructure", "services\Catalog\src\ECommerce.Services.Catalog.Infrastructure\ECommerce.Services.Catalog.Infrastructure.csproj", "{070CF248-6BEB-4B05-93A0-855C6B94C622}"
EndProject
Project("{2150E333-8FDC-42A3-9474-1A3956D46DE8}") = "Shared", "Shared", "{45F1ADD4-0D0F-473B-913B-5D68F3CBA13B}"
EndProject
Project("{FAE04EC0-301F-11D3-BF4B-00C04F79EFBC}") = "ECommerce.Shared", "Shared\ECommerce.Shared\ECommerce.Shared.csproj", "{8EE6C460-B00C-4C4F-ADE1-D59A3A217D61}"
EndProject
Project("{2150E333-8FDC-42A3-9474-1A3956D46DE8}") = "PhotoStock", "PhotoStock", "{2BACA70E-0C13-4439-B102-12C929F9D6ED}"
EndProject
Project("{FAE04EC0-301F-11D3-BF4B-00C04F79EFBC}") = "ECommerce.Services.PhotoStock", "services\PhotoStock\ECommerce.Services.PhotoStock\ECommerce.Services.PhotoStock.csproj", "{D9E75D99-AE5B-4F72-8C38-AF021ABC09C1}"
EndProject
Project("{2150E333-8FDC-42A3-9474-1A3956D46DE8}") = "Cart", "Cart", "{F36C49BD-5465-4E0C-81AA-1158ED438E65}"
EndProject
Project("{2150E333-8FDC-42A3-9474-1A3956D46DE8}") = "src", "src", "{7EF36B03-74AF-452A-B1A1-4B1942BE67B9}"
EndProject
Project("{FAE04EC0-301F-11D3-BF4B-00C04F79EFBC}") = "ECommerce.Services.Cart.Domain", "services\Cart\src\ECommerce.Services.Cart.Domain\ECommerce.Services.Cart.Domain.csproj", "{91704D95-CECD-444D-90E2-34DCA387ADAA}"
EndProject
Project("{FAE04EC0-301F-11D3-BF4B-00C04F79EFBC}") = "ECommerce.Services.Cart.Application", "services\Cart\src\ECommerce.Services.Cart.Application\ECommerce.Services.Cart.Application.csproj", "{F92B91EF-C6E3-44C5-8C55-9D8A0D4EC200}"
EndProject
Project("{FAE04EC0-301F-11D3-BF4B-00C04F79EFBC}") = "ECommerce.Services.Cart.Infrastructure", "services\Cart\src\ECommerce.Services.Cart.Infrastructure\ECommerce.Services.Cart.Infrastructure.csproj", "{A4EFDA90-FB71-4C30-A860-32544D9835CD}"
EndProject
Project("{FAE04EC0-301F-11D3-BF4B-00C04F79EFBC}") = "ECommerce.Services.Cart.Api", "services\Cart\src\ECommerce.Services.Cart.Api\ECommerce.Services.Cart.Api.csproj", "{49354A71-931F-451F-9230-625D41C4A37A}"
EndProject
Global
	GlobalSection(SolutionConfigurationPlatforms) = preSolution
		Debug|Any CPU = Debug|Any CPU
		Release|Any CPU = Release|Any CPU
	EndGlobalSection
	GlobalSection(SolutionProperties) = preSolution
		HideSolutionNode = FALSE
	EndGlobalSection
	GlobalSection(ProjectConfigurationPlatforms) = postSolution
		{AD357010-E349-49F2-87DD-AAA9F20763A3}.Debug|Any CPU.ActiveCfg = Debug|Any CPU
		{AD357010-E349-49F2-87DD-AAA9F20763A3}.Debug|Any CPU.Build.0 = Debug|Any CPU
		{AD357010-E349-49F2-87DD-AAA9F20763A3}.Release|Any CPU.ActiveCfg = Release|Any CPU
		{AD357010-E349-49F2-87DD-AAA9F20763A3}.Release|Any CPU.Build.0 = Release|Any CPU
		{9710D659-1A5B-4B0F-B863-CE6B5016F56E}.Debug|Any CPU.ActiveCfg = Debug|Any CPU
		{9710D659-1A5B-4B0F-B863-CE6B5016F56E}.Debug|Any CPU.Build.0 = Debug|Any CPU
		{9710D659-1A5B-4B0F-B863-CE6B5016F56E}.Release|Any CPU.ActiveCfg = Release|Any CPU
		{9710D659-1A5B-4B0F-B863-CE6B5016F56E}.Release|Any CPU.Build.0 = Release|Any CPU
		{F3D4EC47-CD24-403D-89AB-7BAEBEACE5A2}.Debug|Any CPU.ActiveCfg = Debug|Any CPU
		{F3D4EC47-CD24-403D-89AB-7BAEBEACE5A2}.Debug|Any CPU.Build.0 = Debug|Any CPU
		{F3D4EC47-CD24-403D-89AB-7BAEBEACE5A2}.Release|Any CPU.ActiveCfg = Release|Any CPU
		{F3D4EC47-CD24-403D-89AB-7BAEBEACE5A2}.Release|Any CPU.Build.0 = Release|Any CPU
		{070CF248-6BEB-4B05-93A0-855C6B94C622}.Debug|Any CPU.ActiveCfg = Debug|Any CPU
		{070CF248-6BEB-4B05-93A0-855C6B94C622}.Debug|Any CPU.Build.0 = Debug|Any CPU
		{070CF248-6BEB-4B05-93A0-855C6B94C622}.Release|Any CPU.ActiveCfg = Release|Any CPU
		{070CF248-6BEB-4B05-93A0-855C6B94C622}.Release|Any CPU.Build.0 = Release|Any CPU
		{8EE6C460-B00C-4C4F-ADE1-D59A3A217D61}.Debug|Any CPU.ActiveCfg = Debug|Any CPU
		{8EE6C460-B00C-4C4F-ADE1-D59A3A217D61}.Debug|Any CPU.Build.0 = Debug|Any CPU
		{8EE6C460-B00C-4C4F-ADE1-D59A3A217D61}.Release|Any CPU.ActiveCfg = Release|Any CPU
		{8EE6C460-B00C-4C4F-ADE1-D59A3A217D61}.Release|Any CPU.Build.0 = Release|Any CPU
		{D9E75D99-AE5B-4F72-8C38-AF021ABC09C1}.Debug|Any CPU.ActiveCfg = Debug|Any CPU
		{D9E75D99-AE5B-4F72-8C38-AF021ABC09C1}.Debug|Any CPU.Build.0 = Debug|Any CPU
		{D9E75D99-AE5B-4F72-8C38-AF021ABC09C1}.Release|Any CPU.ActiveCfg = Release|Any CPU
		{D9E75D99-AE5B-4F72-8C38-AF021ABC09C1}.Release|Any CPU.Build.0 = Release|Any CPU
		{91704D95-CECD-444D-90E2-34DCA387ADAA}.Debug|Any CPU.ActiveCfg = Debug|Any CPU
		{91704D95-CECD-444D-90E2-34DCA387ADAA}.Debug|Any CPU.Build.0 = Debug|Any CPU
		{91704D95-CECD-444D-90E2-34DCA387ADAA}.Release|Any CPU.ActiveCfg = Release|Any CPU
		{91704D95-CECD-444D-90E2-34DCA387ADAA}.Release|Any CPU.Build.0 = Release|Any CPU
		{F92B91EF-C6E3-44C5-8C55-9D8A0D4EC200}.Debug|Any CPU.ActiveCfg = Debug|Any CPU
		{F92B91EF-C6E3-44C5-8C55-9D8A0D4EC200}.Debug|Any CPU.Build.0 = Debug|Any CPU
		{F92B91EF-C6E3-44C5-8C55-9D8A0D4EC200}.Release|Any CPU.ActiveCfg = Release|Any CPU
		{F92B91EF-C6E3-44C5-8C55-9D8A0D4EC200}.Release|Any CPU.Build.0 = Release|Any CPU
		{A4EFDA90-FB71-4C30-A860-32544D9835CD}.Debug|Any CPU.ActiveCfg = Debug|Any CPU
		{A4EFDA90-FB71-4C30-A860-32544D9835CD}.Debug|Any CPU.Build.0 = Debug|Any CPU
		{A4EFDA90-FB71-4C30-A860-32544D9835CD}.Release|Any CPU.ActiveCfg = Release|Any CPU
		{A4EFDA90-FB71-4C30-A860-32544D9835CD}.Release|Any CPU.Build.0 = Release|Any CPU
		{49354A71-931F-451F-9230-625D41C4A37A}.Debug|Any CPU.ActiveCfg = Debug|Any CPU
		{49354A71-931F-451F-9230-625D41C4A37A}.Debug|Any CPU.Build.0 = Debug|Any CPU
		{49354A71-931F-451F-9230-625D41C4A37A}.Release|Any CPU.ActiveCfg = Release|Any CPU
		{49354A71-931F-451F-9230-625D41C4A37A}.Release|Any CPU.Build.0 = Release|Any CPU
	EndGlobalSection
	GlobalSection(NestedProjects) = preSolution
		{E17ECAA7-C354-4728-93F4-E1BA63B258A9} = {3550AC12-9667-4EB8-AA95-C0DED2D2B5D8}
		{F0FDB929-2904-4627-9CF6-BAFE07518918} = {E17ECAA7-C354-4728-93F4-E1BA63B258A9}
		{AD357010-E349-49F2-87DD-AAA9F20763A3} = {F0FDB929-2904-4627-9CF6-BAFE07518918}
		{9710D659-1A5B-4B0F-B863-CE6B5016F56E} = {F0FDB929-2904-4627-9CF6-BAFE07518918}
		{F3D4EC47-CD24-403D-89AB-7BAEBEACE5A2} = {F0FDB929-2904-4627-9CF6-BAFE07518918}
		{070CF248-6BEB-4B05-93A0-855C6B94C622} = {F0FDB929-2904-4627-9CF6-BAFE07518918}
		{8EE6C460-B00C-4C4F-ADE1-D59A3A217D61} = {45F1ADD4-0D0F-473B-913B-5D68F3CBA13B}
		{2BACA70E-0C13-4439-B102-12C929F9D6ED} = {3550AC12-9667-4EB8-AA95-C0DED2D2B5D8}
		{D9E75D99-AE5B-4F72-8C38-AF021ABC09C1} = {2BACA70E-0C13-4439-B102-12C929F9D6ED}
		{F36C49BD-5465-4E0C-81AA-1158ED438E65} = {3550AC12-9667-4EB8-AA95-C0DED2D2B5D8}
		{7EF36B03-74AF-452A-B1A1-4B1942BE67B9} = {F36C49BD-5465-4E0C-81AA-1158ED438E65}
		{91704D95-CECD-444D-90E2-34DCA387ADAA} = {7EF36B03-74AF-452A-B1A1-4B1942BE67B9}
		{F92B91EF-C6E3-44C5-8C55-9D8A0D4EC200} = {7EF36B03-74AF-452A-B1A1-4B1942BE67B9}
		{A4EFDA90-FB71-4C30-A860-32544D9835CD} = {7EF36B03-74AF-452A-B1A1-4B1942BE67B9}
		{49354A71-931F-451F-9230-625D41C4A37A} = {7EF36B03-74AF-452A-B1A1-4B1942BE67B9}
	EndGlobalSection
EndGlobal
